
Microsoft Visual Studio Solution File, Format Version 12.00
# Visual Studio Version 17
VisualStudioVersion = 17.9.34622.214
MinimumVisualStudioVersion = 10.0.40219.1
Project("{9A19103F-16F7-4668-BE54-9A1E7A4F7556}") = "HaulEase-Netcore", "HaulEase-Netcore.csproj", "{BEE101A4-B71A-4E27-BC73-E5E723432CB3}"
EndProject
Global
	GlobalSection(SolutionConfigurationPlatforms) = preSolution
		Debug|Any CPU = Debug|Any CPU
		Release|Any CPU = Release|Any CPU
	EndGlobalSection
	GlobalSection(ProjectConfigurationPlatforms) = postSolution
		{BEE101A4-B71A-4E27-BC73-E5E723432CB3}.Debug|Any CPU.ActiveCfg = Debug|Any CPU
		{BEE101A4-B71A-4E27-BC73-E5E723432CB3}.Debug|Any CPU.Build.0 = Debug|Any CPU
		{BEE101A4-B71A-4E27-BC73-E5E723432CB3}.Release|Any CPU.ActiveCfg = Release|Any CPU
		{BEE101A4-B71A-4E27-BC73-E5E723432CB3}.Release|Any CPU.Build.0 = Release|Any CPU
	EndGlobalSection
	GlobalSection(SolutionProperties) = preSolution
		HideSolutionNode = FALSE
	EndGlobalSection
	GlobalSection(ExtensibilityGlobals) = postSolution
		SolutionGuid = {C3C92726-0321-4A84-903D-C3EF1BB1DFC0}
	EndGlobalSection
EndGlobal
